// !$*UTF8*$!
{
	archiveVersion = 1;
	classes = {
	};
	objectVersion = 46;
	objects = {

/* Begin PBXBuildFile section */
		93427D801BEE3A0200941139 /* AppDelegate.m in Sources */ = {isa = PBXBuildFile; fileRef = 93427D7F1BEE3A0200941139 /* AppDelegate.m */; };
		93427D831BEE3A0200941139 /* main.m in Sources */ = {isa = PBXBuildFile; fileRef = 93427D821BEE3A0200941139 /* main.m */; };
		93427D861BEE3A0200941139 /* ViewController.m in Sources */ = {isa = PBXBuildFile; fileRef = 93427D851BEE3A0200941139 /* ViewController.m */; };
		93427D881BEE3A0200941139 /* Assets.xcassets in Resources */ = {isa = PBXBuildFile; fileRef = 93427D871BEE3A0200941139 /* Assets.xcassets */; };
		93427D8B1BEE3A0200941139 /* Main.storyboard in Resources */ = {isa = PBXBuildFile; fileRef = 93427D891BEE3A0200941139 /* Main.storyboard */; };
		93427DB41BEE483500941139 /* DrawView.m in Sources */ = {isa = PBXBuildFile; fileRef = 93427DB31BEE483500941139 /* DrawView.m */; };
/* End PBXBuildFile section */

/* Begin PBXFileReference section */
		93427D7B1BEE3A0200941139 /* P2D.app */ = {isa = PBXFileReference; explicitFileType = wrapper.application; includeInIndex = 0; path = P2D.app; sourceTree = BUILT_PRODUCTS_DIR; };
		93427D7E1BEE3A0200941139 /* AppDelegate.h */ = {isa = PBXFileReference; lastKnownFileType = sourcecode.c.h; path = AppDelegate.h; sourceTree = "<group>"; };
		93427D7F1BEE3A0200941139 /* AppDelegate.m */ = {isa = PBXFileReference; lastKnownFileType = sourcecode.c.objc; path = AppDelegate.m; sourceTree = "<group>"; };
		93427D821BEE3A0200941139 /* main.m */ = {isa = PBXFileReference; lastKnownFileType = sourcecode.c.objc; path = main.m; sourceTree = "<group>"; };
		93427D841BEE3A0200941139 /* ViewController.h */ = {isa = PBXFileReference; lastKnownFileType = sourcecode.c.h; path = ViewController.h; sourceTree = "<group>"; };
		93427D851BEE3A0200941139 /* ViewController.m */ = {isa = PBXFileReference; lastKnownFileType = sourcecode.c.objc; path = ViewController.m; sourceTree = "<group>"; };
		93427D871BEE3A0200941139 /* Assets.xcassets */ = {isa = PBXFileReference; lastKnownFileType = folder.assetcatalog; path = Assets.xcassets; sourceTree = "<group>"; };
		93427D8A1BEE3A0200941139 /* Base */ = {isa = PBXFileReference; lastKnownFileType = file.storyboard; name = Base; path = Base.lproj/Main.storyboard; sourceTree = "<group>"; };
		93427D8C1BEE3A0200941139 /* Info.plist */ = {isa = PBXFileReference; lastKnownFileType = text.plist.xml; path = Info.plist; sourceTree = "<group>"; };
		93427DB21BEE483500941139 /* DrawView.h */ = {isa = PBXFileReference; fileEncoding = 4; lastKnownFileType = sourcecode.c.h; name = DrawView.h; path = "../../../../../../../../../../Aaron/Documents/Work/University/COMP 3020/Repository/Assignments/Assignment 2/P2D/P2D/DrawView.h"; sourceTree = "<group>"; };
		93427DB31BEE483500941139 /* DrawView.m */ = {isa = PBXFileReference; fileEncoding = 4; lastKnownFileType = sourcecode.c.objc; name = DrawView.m; path = "../../../../../../../../../../Aaron/Documents/Work/University/COMP 3020/Repository/Assignments/Assignment 2/P2D/P2D/DrawView.m"; sourceTree = "<group>"; };
/* End PBXFileReference section */

/* Begin PBXFrameworksBuildPhase section */
		93427D781BEE3A0200941139 /* Frameworks */ = {
			isa = PBXFrameworksBuildPhase;
			buildActionMask = 2147483647;
			files = (
			);
			runOnlyForDeploymentPostprocessing = 0;
		};
/* End PBXFrameworksBuildPhase section */

/* Begin PBXGroup section */
		93427D721BEE3A0200941139 = {
			isa = PBXGroup;
			children = (
				93427D7D1BEE3A0200941139 /* P2D */,
				93427D7C1BEE3A0200941139 /* Products */,
			);
			sourceTree = "<group>";
		};
		93427D7C1BEE3A0200941139 /* Products */ = {
			isa = PBXGroup;
			children = (
				93427D7B1BEE3A0200941139 /* P2D.app */,
			);
			name = Products;
			sourceTree = "<group>";
		};
		93427D7D1BEE3A0200941139 /* P2D */ = {
			isa = PBXGroup;
			children = (
				93427D7E1BEE3A0200941139 /* AppDelegate.h */,
				93427D7F1BEE3A0200941139 /* AppDelegate.m */,
				93427D841BEE3A0200941139 /* ViewController.h */,
				93427D851BEE3A0200941139 /* ViewController.m */,
				93427DB21BEE483500941139 /* DrawView.h */,
				93427DB31BEE483500941139 /* DrawView.m */,
				93427D871BEE3A0200941139 /* Assets.xcassets */,
				93427D891BEE3A0200941139 /* Main.storyboard */,
				93427D8C1BEE3A0200941139 /* Info.plist */,
				93427D811BEE3A0200941139 /* Supporting Files */,
			);
			path = P2D;
			sourceTree = "<group>";
		};
		93427D811BEE3A0200941139 /* Supporting Files */ = {
			isa = PBXGroup;
			children = (
				93427D821BEE3A0200941139 /* main.m */,
			);
			name = "Supporting Files";
			sourceTree = "<group>";
		};
/* End PBXGroup section */

/* Begin PBXNativeTarget section */
		93427D7A1BEE3A0200941139 /* P2D */ = {
			isa = PBXNativeTarget;
			buildConfigurationList = 93427D8F1BEE3A0200941139 /* Build configuration list for PBXNativeTarget "P2D" */;
			buildPhases = (
				93427D771BEE3A0200941139 /* Sources */,
				93427D781BEE3A0200941139 /* Frameworks */,
				93427D791BEE3A0200941139 /* Resources */,
			);
			buildRules = (
			);
			dependencies = (
			);
			name = P2D;
			productName = P2D;
			productReference = 93427D7B1BEE3A0200941139 /* P2D.app */;
			productType = "com.apple.product-type.application";
		};
/* End PBXNativeTarget section */

/* Begin PBXProject section */
		93427D731BEE3A0200941139 /* Project object */ = {
			isa = PBXProject;
			attributes = {
				LastUpgradeCheck = 0710;
				ORGANIZATIONNAME = "CS Boys";
				TargetAttributes = {
					93427D7A1BEE3A0200941139 = {
						CreatedOnToolsVersion = 7.1;
					};
				};
			};
			buildConfigurationList = 93427D761BEE3A0200941139 /* Build configuration list for PBXProject "P2D" */;
			compatibilityVersion = "Xcode 3.2";
			developmentRegion = English;
			hasScannedForEncodings = 0;
			knownRegions = (
				en,
				Base,
			);
			mainGroup = 93427D721BEE3A0200941139;
			productRefGroup = 93427D7C1BEE3A0200941139 /* Products */;
			projectDirPath = "";
			projectRoot = "";
			targets = (
				93427D7A1BEE3A0200941139 /* P2D */,
			);
		};
/* End PBXProject section */

/* Begin PBXResourcesBuildPhase section */
		93427D791BEE3A0200941139 /* Resources */ = {
			isa = PBXResourcesBuildPhase;
			buildActionMask = 2147483647;
			files = (
				93427D881BEE3A0200941139 /* Assets.xcassets in Resources */,
				93427D8B1BEE3A0200941139 /* Main.storyboard in Resources */,
			);
			runOnlyForDeploymentPostprocessing = 0;
		};
/* End PBXResourcesBuildPhase section */

/* Begin PBXSourcesBuildPhase section */
		93427D771BEE3A0200941139 /* Sources */ = {
			isa = PBXSourcesBuildPhase;
			buildActionMask = 2147483647;
			files = (
				93427D861BEE3A0200941139 /* ViewController.m in Sources */,
				93427D831BEE3A0200941139 /* main.m in Sources */,
				93427DB41BEE483500941139 /* DrawView.m in Sources */,
				93427D801BEE3A0200941139 /* AppDelegate.m in Sources */,
			);
			runOnlyForDeploymentPostprocessing = 0;
		};
/* End PBXSourcesBuildPhase section */

/* Begin PBXVariantGroup section */
		93427D891BEE3A0200941139 /* Main.storyboard */ = {
			isa = PBXVariantGroup;
			children = (
				93427D8A1BEE3A0200941139 /* Base */,
			);
			name = Main.storyboard;
			sourceTree = "<group>";
		};
/* End PBXVariantGroup section */

/* Begin XCBuildConfiguration section */
		93427D8D1BEE3A0200941139 /* Debug */ = {
			isa = XCBuildConfiguration;
			buildSettings = {
				ALWAYS_SEARCH_USER_PATHS = NO;
				CLANG_CXX_LANGUAGE_STANDARD = "gnu++0x";
				CLANG_CXX_LIBRARY = "libc++";
				CLANG_ENABLE_MODULES = YES;
				CLANG_ENABLE_OBJC_ARC = YES;
				CLANG_WARN_BOOL_CONVERSION = YES;
				CLANG_WARN_CONSTANT_CONVERSION = YES;
				CLANG_WARN_DIRECT_OBJC_ISA_USAGE = YES_ERROR;
				CLANG_WARN_EMPTY_BODY = YES;
				CLANG_WARN_ENUM_CONVERSION = YES;
				CLANG_WARN_INT_CONVERSION = YES;
				CLANG_WARN_OBJC_ROOT_CLASS = YES_ERROR;
				CLANG_WARN_UNREACHABLE_CODE = YES;
				CLANG_WARN__DUPLICATE_METHOD_MATCH = YES;
				CODE_SIGN_IDENTITY = "-";
				COPY_PHASE_STRIP = NO;
				DEBUG_INFORMATION_FORMAT = dwarf;
				ENABLE_STRICT_OBJC_MSGSEND = YES;
				ENABLE_TESTABILITY = YES;
				GCC_C_LANGUAGE_STANDARD = gnu99;
				GCC_DYNAMIC_NO_PIC = NO;
				GCC_NO_COMMON_BLOCKS = YES;
				GCC_OPTIMIZATION_LEVEL = 0;
				GCC_PREPROCESSOR_DEFINITIONS = (
					"DEBUG=1",
					"$(inherited)",
				);
				GCC_WARN_64_TO_32_BIT_CONVERSION = YES;
				GCC_WARN_ABOUT_RETURN_TYPE = YES_ERROR;
				GCC_WARN_UNDECLARED_SELECTOR = YES;
				GCC_WARN_UNINITIALIZED_AUTOS = YES_AGGRESSIVE;
				GCC_WARN_UNUSED_FUNCTION = YES;
				GCC_WARN_UNUSED_VARIABLE = YES;
				MACOSX_DEPLOYMENT_TARGET = 10.11;
				MTL_ENABLE_DEBUG_INFO = YES;
				ONLY_ACTIVE_ARCH = YES;
				SDKROOT = macosx;
			};
			name = Debug;
		};
		93427D8E1BEE3A0200941139 /* Release */ = {
			isa = XCBuildConfiguration;
			buildSettings = {
				ALWAYS_SEARCH_USER_PATHS = NO;
				CLANG_CXX_LANGUAGE_STANDARD = "gnu++0x";
				CLANG_CXX_LIBRARY = "libc++";
				CLANG_ENABLE_MODULES = YES;
				CLANG_ENABLE_OBJC_ARC = YES;
				CLANG_WARN_BOOL_CONVERSION = YES;
				CLANG_WARN_CONSTANT_CONVERSION = YES;
				CLANG_WARN_DIRECT_OBJC_ISA_USAGE = YES_ERROR;
				CLANG_WARN_EMPTY_BODY = YES;
				CLANG_WARN_ENUM_CONVERSION = YES;
				CLANG_WARN_INT_CONVERSION = YES;
				CLANG_WARN_OBJC_ROOT_CLASS = YES_ERROR;
				CLANG_WARN_UNREACHABLE_CODE = YES;
				CLANG_WARN__DUPLICATE_METHOD_MATCH = YES;
				CODE_SIGN_IDENTITY = "-";
				COPY_PHASE_STRIP = NO;
				DEBUG_INFORMATION_FORMAT = "dwarf-with-dsym";
				ENABLE_NS_ASSERTIONS = NO;
				ENABLE_STRICT_OBJC_MSGSEND = YES;
				GCC_C_LANGUAGE_STANDARD = gnu99;
				GCC_NO_COMMON_BLOCKS = YES;
				GCC_WARN_64_TO_32_BIT_CONVERSION = YES;
				GCC_WARN_ABOUT_RETURN_TYPE = YES_ERROR;
				GCC_WARN_UNDECLARED_SELECTOR = YES;
				GCC_WARN_UNINITIALIZED_AUTOS = YES_AGGRESSIVE;
				GCC_WARN_UNUSED_FUNCTION = YES;
				GCC_WARN_UNUSED_VARIABLE = YES;
				MACOSX_DEPLOYMENT_TARGET = 10.11;
				MTL_ENABLE_DEBUG_INFO = NO;
				SDKROOT = macosx;
			};
			name = Release;
		};
		93427D901BEE3A0200941139 /* Debug */ = {
			isa = XCBuildConfiguration;
			buildSettings = {
				ASSETCATALOG_COMPILER_APPICON_NAME = AppIcon;
				COMBINE_HIDPI_IMAGES = YES;
				INFOPLIST_FILE = P2D/Info.plist;
				LD_RUNPATH_SEARCH_PATHS = "$(inherited) @executable_path/../Frameworks";
				PRODUCT_BUNDLE_IDENTIFIER = com.csboys.P2D;
				PRODUCT_NAME = "$(TARGET_NAME)";
			};
			name = Debug;
		};
		93427D911BEE3A0200941139 /* Release */ = {
			isa = XCBuildConfiguration;
			buildSettings = {
				ASSETCATALOG_COMPILER_APPICON_NAME = AppIcon;
				COMBINE_HIDPI_IMAGES = YES;
				INFOPLIST_FILE = P2D/Info.plist;
				LD_RUNPATH_SEARCH_PATHS = "$(inherited) @executable_path/../Frameworks";
				PRODUCT_BUNDLE_IDENTIFIER = com.csboys.P2D;
				PRODUCT_NAME = "$(TARGET_NAME)";
			};
			name = Release;
		};
/* End XCBuildConfiguration section */

/* Begin XCConfigurationList section */
		93427D761BEE3A0200941139 /* Build configuration list for PBXProject "P2D" */ = {
			isa = XCConfigurationList;
			buildConfigurations = (
				93427D8D1BEE3A0200941139 /* Debug */,
				93427D8E1BEE3A0200941139 /* Release */,
			);
			defaultConfigurationIsVisible = 0;
			defaultConfigurationName = Release;
		};
		93427D8F1BEE3A0200941139 /* Build configuration list for PBXNativeTarget "P2D" */ = {
			isa = XCConfigurationList;
			buildConfigurations = (
				93427D901BEE3A0200941139 /* Debug */,
				93427D911BEE3A0200941139 /* Release */,
			);
			defaultConfigurationIsVisible = 0;
			defaultConfigurationName = Release;
		};
/* End XCConfigurationList section */
	};
	rootObject = 93427D731BEE3A0200941139 /* Project object */;
}
