// !$*UTF8*$!
{
	archiveVersion = 1;
	classes = {
	};
	objectVersion = 46;
	objects = {

/* Begin PBXBuildFile section */
		930018BC1BEE7E240085AAF7 /* View.m in Sources */ = {isa = PBXBuildFile; fileRef = 930018BB1BEE7E240085AAF7 /* View.m */; };
		93427DA01BEE3A2A00941139 /* AppDelegate.m in Sources */ = {isa = PBXBuildFile; fileRef = 93427D9F1BEE3A2A00941139 /* AppDelegate.m */; };
		93427DA31BEE3A2A00941139 /* main.m in Sources */ = {isa = PBXBuildFile; fileRef = 93427DA21BEE3A2A00941139 /* main.m */; };
		93427DA61BEE3A2A00941139 /* ViewController.m in Sources */ = {isa = PBXBuildFile; fileRef = 93427DA51BEE3A2A00941139 /* ViewController.m */; };
		93427DA81BEE3A2A00941139 /* Assets.xcassets in Resources */ = {isa = PBXBuildFile; fileRef = 93427DA71BEE3A2A00941139 /* Assets.xcassets */; };
		93427DAB1BEE3A2A00941139 /* Main.storyboard in Resources */ = {isa = PBXBuildFile; fileRef = 93427DA91BEE3A2A00941139 /* Main.storyboard */; };
/* End PBXBuildFile section */

/* Begin PBXFileReference section */
		930018BA1BEE7E240085AAF7 /* View.h */ = {isa = PBXFileReference; fileEncoding = 4; lastKnownFileType = sourcecode.c.h; name = View.h; path = "View.h"; sourceTree = "<group>"; };
		930018BB1BEE7E240085AAF7 /* View.m */ = {isa = PBXFileReference; fileEncoding = 4; lastKnownFileType = sourcecode.c.objc; name = View.m; path = "View.m"; sourceTree = "<group>"; };
		93427D9B1BEE3A2A00941139 /* P2A.app */ = {isa = PBXFileReference; explicitFileType = wrapper.application; includeInIndex = 0; path = P2A.app; sourceTree = BUILT_PRODUCTS_DIR; };
		93427D9E1BEE3A2A00941139 /* AppDelegate.h */ = {isa = PBXFileReference; lastKnownFileType = sourcecode.c.h; path = AppDelegate.h; sourceTree = "<group>"; };
		93427D9F1BEE3A2A00941139 /* AppDelegate.m */ = {isa = PBXFileReference; lastKnownFileType = sourcecode.c.objc; path = AppDelegate.m; sourceTree = "<group>"; };
		93427DA21BEE3A2A00941139 /* main.m */ = {isa = PBXFileReference; lastKnownFileType = sourcecode.c.objc; path = main.m; sourceTree = "<group>"; };
		93427DA41BEE3A2A00941139 /* ViewController.h */ = {isa = PBXFileReference; lastKnownFileType = sourcecode.c.h; path = ViewController.h; sourceTree = "<group>"; };
		93427DA51BEE3A2A00941139 /* ViewController.m */ = {isa = PBXFileReference; lastKnownFileType = sourcecode.c.objc; path = ViewController.m; sourceTree = "<group>"; };
		93427DA71BEE3A2A00941139 /* Assets.xcassets */ = {isa = PBXFileReference; lastKnownFileType = folder.assetcatalog; path = Assets.xcassets; sourceTree = "<group>"; };
		93427DAA1BEE3A2A00941139 /* Base */ = {isa = PBXFileReference; lastKnownFileType = file.storyboard; name = Base; path = Base.lproj/Main.storyboard; sourceTree = "<group>"; };
		93427DAC1BEE3A2A00941139 /* Info.plist */ = {isa = PBXFileReference; lastKnownFileType = text.plist.xml; path = Info.plist; sourceTree = "<group>"; };
/* End PBXFileReference section */

/* Begin PBXFrameworksBuildPhase section */
		93427D981BEE3A2A00941139 /* Frameworks */ = {
			isa = PBXFrameworksBuildPhase;
			buildActionMask = 2147483647;
			files = (
			);
			runOnlyForDeploymentPostprocessing = 0;
		};
/* End PBXFrameworksBuildPhase section */

/* Begin PBXGroup section */
		93427D921BEE3A2A00941139 = {
			isa = PBXGroup;
			children = (
				93427D9D1BEE3A2A00941139 /* P2A */,
				93427D9C1BEE3A2A00941139 /* Products */,
			);
			sourceTree = "<group>";
		};
		93427D9C1BEE3A2A00941139 /* Products */ = {
			isa = PBXGroup;
			children = (
				93427D9B1BEE3A2A00941139 /* P2A.app */,
			);
			name = Products;
			sourceTree = "<group>";
		};
		93427D9D1BEE3A2A00941139 /* P2A */ = {
			isa = PBXGroup;
			children = (
				93427D9E1BEE3A2A00941139 /* AppDelegate.h */,
				93427D9F1BEE3A2A00941139 /* AppDelegate.m */,
				93427DA41BEE3A2A00941139 /* ViewController.h */,
				93427DA51BEE3A2A00941139 /* ViewController.m */,
				930018BA1BEE7E240085AAF7 /* View.h */,
				930018BB1BEE7E240085AAF7 /* View.m */,
				93427DA71BEE3A2A00941139 /* Assets.xcassets */,
				93427DA91BEE3A2A00941139 /* Main.storyboard */,
				93427DAC1BEE3A2A00941139 /* Info.plist */,
				93427DA11BEE3A2A00941139 /* Supporting Files */,
			);
			path = P2A;
			sourceTree = "<group>";
		};
		93427DA11BEE3A2A00941139 /* Supporting Files */ = {
			isa = PBXGroup;
			children = (
				93427DA21BEE3A2A00941139 /* main.m */,
			);
			name = "Supporting Files";
			sourceTree = "<group>";
		};
/* End PBXGroup section */

/* Begin PBXNativeTarget section */
		93427D9A1BEE3A2A00941139 /* P2A */ = {
			isa = PBXNativeTarget;
			buildConfigurationList = 93427DAF1BEE3A2A00941139 /* Build configuration list for PBXNativeTarget "P2A" */;
			buildPhases = (
				93427D971BEE3A2A00941139 /* Sources */,
				93427D981BEE3A2A00941139 /* Frameworks */,
				93427D991BEE3A2A00941139 /* Resources */,
			);
			buildRules = (
			);
			dependencies = (
			);
			name = P2A;
			productName = P2A;
			productReference = 93427D9B1BEE3A2A00941139 /* P2A.app */;
			productType = "com.apple.product-type.application";
		};
/* End PBXNativeTarget section */

/* Begin PBXProject section */
		93427D931BEE3A2A00941139 /* Project object */ = {
			isa = PBXProject;
			attributes = {
				LastUpgradeCheck = 0710;
				ORGANIZATIONNAME = "CS Boys";
				TargetAttributes = {
					93427D9A1BEE3A2A00941139 = {
						CreatedOnToolsVersion = 7.1;
					};
				};
			};
			buildConfigurationList = 93427D961BEE3A2A00941139 /* Build configuration list for PBXProject "P2A" */;
			compatibilityVersion = "Xcode 3.2";
			developmentRegion = English;
			hasScannedForEncodings = 0;
			knownRegions = (
				en,
				Base,
			);
			mainGroup = 93427D921BEE3A2A00941139;
			productRefGroup = 93427D9C1BEE3A2A00941139 /* Products */;
			projectDirPath = "";
			projectRoot = "";
			targets = (
				93427D9A1BEE3A2A00941139 /* P2A */,
			);
		};
/* End PBXProject section */

/* Begin PBXResourcesBuildPhase section */
		93427D991BEE3A2A00941139 /* Resources */ = {
			isa = PBXResourcesBuildPhase;
			buildActionMask = 2147483647;
			files = (
				93427DA81BEE3A2A00941139 /* Assets.xcassets in Resources */,
				93427DAB1BEE3A2A00941139 /* Main.storyboard in Resources */,
			);
			runOnlyForDeploymentPostprocessing = 0;
		};
/* End PBXResourcesBuildPhase section */

/* Begin PBXSourcesBuildPhase section */
		93427D971BEE3A2A00941139 /* Sources */ = {
			isa = PBXSourcesBuildPhase;
			buildActionMask = 2147483647;
			files = (
				930018BC1BEE7E240085AAF7 /* View.m in Sources */,
				93427DA61BEE3A2A00941139 /* ViewController.m in Sources */,
				93427DA31BEE3A2A00941139 /* main.m in Sources */,
				93427DA01BEE3A2A00941139 /* AppDelegate.m in Sources */,
			);
			runOnlyForDeploymentPostprocessing = 0;
		};
/* End PBXSourcesBuildPhase section */

/* Begin PBXVariantGroup section */
		93427DA91BEE3A2A00941139 /* Main.storyboard */ = {
			isa = PBXVariantGroup;
			children = (
				93427DAA1BEE3A2A00941139 /* Base */,
			);
			name = Main.storyboard;
			sourceTree = "<group>";
		};
/* End PBXVariantGroup section */

/* Begin XCBuildConfiguration section */
		93427DAD1BEE3A2A00941139 /* Debug */ = {
			isa = XCBuildConfiguration;
			buildSettings = {
				ALWAYS_SEARCH_USER_PATHS = NO;
				CLANG_CXX_LANGUAGE_STANDARD = "gnu++0x";
				CLANG_CXX_LIBRARY = "libc++";
				CLANG_ENABLE_MODULES = YES;
				CLANG_ENABLE_OBJC_ARC = YES;
				CLANG_WARN_BOOL_CONVERSION = YES;
				CLANG_WARN_CONSTANT_CONVERSION = YES;
				CLANG_WARN_DIRECT_OBJC_ISA_USAGE = YES_ERROR;
				CLANG_WARN_EMPTY_BODY = YES;
				CLANG_WARN_ENUM_CONVERSION = YES;
				CLANG_WARN_INT_CONVERSION = YES;
				CLANG_WARN_OBJC_ROOT_CLASS = YES_ERROR;
				CLANG_WARN_UNREACHABLE_CODE = YES;
				CLANG_WARN__DUPLICATE_METHOD_MATCH = YES;
				CODE_SIGN_IDENTITY = "-";
				COPY_PHASE_STRIP = NO;
				DEBUG_INFORMATION_FORMAT = dwarf;
				ENABLE_STRICT_OBJC_MSGSEND = YES;
				ENABLE_TESTABILITY = YES;
				GCC_C_LANGUAGE_STANDARD = gnu99;
				GCC_DYNAMIC_NO_PIC = NO;
				GCC_NO_COMMON_BLOCKS = YES;
				GCC_OPTIMIZATION_LEVEL = 0;
				GCC_PREPROCESSOR_DEFINITIONS = (
					"DEBUG=1",
					"$(inherited)",
				);
				GCC_WARN_64_TO_32_BIT_CONVERSION = YES;
				GCC_WARN_ABOUT_RETURN_TYPE = YES_ERROR;
				GCC_WARN_UNDECLARED_SELECTOR = YES;
				GCC_WARN_UNINITIALIZED_AUTOS = YES_AGGRESSIVE;
				GCC_WARN_UNUSED_FUNCTION = YES;
				GCC_WARN_UNUSED_VARIABLE = YES;
				MACOSX_DEPLOYMENT_TARGET = 10.11;
				MTL_ENABLE_DEBUG_INFO = YES;
				ONLY_ACTIVE_ARCH = YES;
				SDKROOT = macosx;
			};
			name = Debug;
		};
		93427DAE1BEE3A2A00941139 /* Release */ = {
			isa = XCBuildConfiguration;
			buildSettings = {
				ALWAYS_SEARCH_USER_PATHS = NO;
				CLANG_CXX_LANGUAGE_STANDARD = "gnu++0x";
				CLANG_CXX_LIBRARY = "libc++";
				CLANG_ENABLE_MODULES = YES;
				CLANG_ENABLE_OBJC_ARC = YES;
				CLANG_WARN_BOOL_CONVERSION = YES;
				CLANG_WARN_CONSTANT_CONVERSION = YES;
				CLANG_WARN_DIRECT_OBJC_ISA_USAGE = YES_ERROR;
				CLANG_WARN_EMPTY_BODY = YES;
				CLANG_WARN_ENUM_CONVERSION = YES;
				CLANG_WARN_INT_CONVERSION = YES;
				CLANG_WARN_OBJC_ROOT_CLASS = YES_ERROR;
				CLANG_WARN_UNREACHABLE_CODE = YES;
				CLANG_WARN__DUPLICATE_METHOD_MATCH = YES;
				CODE_SIGN_IDENTITY = "-";
				COPY_PHASE_STRIP = NO;
				DEBUG_INFORMATION_FORMAT = "dwarf-with-dsym";
				ENABLE_NS_ASSERTIONS = NO;
				ENABLE_STRICT_OBJC_MSGSEND = YES;
				GCC_C_LANGUAGE_STANDARD = gnu99;
				GCC_NO_COMMON_BLOCKS = YES;
				GCC_WARN_64_TO_32_BIT_CONVERSION = YES;
				GCC_WARN_ABOUT_RETURN_TYPE = YES_ERROR;
				GCC_WARN_UNDECLARED_SELECTOR = YES;
				GCC_WARN_UNINITIALIZED_AUTOS = YES_AGGRESSIVE;
				GCC_WARN_UNUSED_FUNCTION = YES;
				GCC_WARN_UNUSED_VARIABLE = YES;
				MACOSX_DEPLOYMENT_TARGET = 10.11;
				MTL_ENABLE_DEBUG_INFO = NO;
				SDKROOT = macosx;
			};
			name = Release;
		};
		93427DB01BEE3A2A00941139 /* Debug */ = {
			isa = XCBuildConfiguration;
			buildSettings = {
				ASSETCATALOG_COMPILER_APPICON_NAME = AppIcon;
				COMBINE_HIDPI_IMAGES = YES;
				INFOPLIST_FILE = P2A/Info.plist;
				LD_RUNPATH_SEARCH_PATHS = "$(inherited) @executable_path/../Frameworks";
				PRODUCT_BUNDLE_IDENTIFIER = com.csboys.P2A;
				PRODUCT_NAME = "$(TARGET_NAME)";
			};
			name = Debug;
		};
		93427DB11BEE3A2A00941139 /* Release */ = {
			isa = XCBuildConfiguration;
			buildSettings = {
				ASSETCATALOG_COMPILER_APPICON_NAME = AppIcon;
				COMBINE_HIDPI_IMAGES = YES;
				INFOPLIST_FILE = P2A/Info.plist;
				LD_RUNPATH_SEARCH_PATHS = "$(inherited) @executable_path/../Frameworks";
				PRODUCT_BUNDLE_IDENTIFIER = com.csboys.P2A;
				PRODUCT_NAME = "$(TARGET_NAME)";
			};
			name = Release;
		};
/* End XCBuildConfiguration section */

/* Begin XCConfigurationList section */
		93427D961BEE3A2A00941139 /* Build configuration list for PBXProject "P2A" */ = {
			isa = XCConfigurationList;
			buildConfigurations = (
				93427DAD1BEE3A2A00941139 /* Debug */,
				93427DAE1BEE3A2A00941139 /* Release */,
			);
			defaultConfigurationIsVisible = 0;
			defaultConfigurationName = Release;
		};
		93427DAF1BEE3A2A00941139 /* Build configuration list for PBXNativeTarget "P2A" */ = {
			isa = XCConfigurationList;
			buildConfigurations = (
				93427DB01BEE3A2A00941139 /* Debug */,
				93427DB11BEE3A2A00941139 /* Release */,
			);
			defaultConfigurationIsVisible = 0;
			defaultConfigurationName = Release;
		};
/* End XCConfigurationList section */
	};
	rootObject = 93427D931BEE3A2A00941139 /* Project object */;
}
