// !$*UTF8*$!
{
	archiveVersion = 1;
	classes = {
	};
	objectVersion = 46;
	objects = {

/* Begin PBXBuildFile section */
		88F048111BF19CFE00E95BCF /* GraphViewController.swift in Sources */ = {isa = PBXBuildFile; fileRef = 88F048101BF19CFE00E95BCF /* GraphViewController.swift */; settings = {ASSET_TAGS = (); }; };
		936336301BEE4ADF0035EF5D /* AppDelegate.m in Sources */ = {isa = PBXBuildFile; fileRef = 9363362F1BEE4ADF0035EF5D /* AppDelegate.m */; };
		936336331BEE4ADF0035EF5D /* main.m in Sources */ = {isa = PBXBuildFile; fileRef = 936336321BEE4ADF0035EF5D /* main.m */; };
		936336381BEE4ADF0035EF5D /* Assets.xcassets in Resources */ = {isa = PBXBuildFile; fileRef = 936336371BEE4ADF0035EF5D /* Assets.xcassets */; };
		9363363B1BEE4ADF0035EF5D /* Main.storyboard in Resources */ = {isa = PBXBuildFile; fileRef = 936336391BEE4ADF0035EF5D /* Main.storyboard */; };
		936336441BEE4B110035EF5D /* ContactsController.m in Sources */ = {isa = PBXBuildFile; fileRef = 936336431BEE4B110035EF5D /* ContactsController.m */; };
		936336471BEE4B1B0035EF5D /* Contact.m in Sources */ = {isa = PBXBuildFile; fileRef = 936336461BEE4B1B0035EF5D /* Contact.m */; };
		ED3AD96C1BF0539B00AEEFD5 /* ContactsViewController.swift in Sources */ = {isa = PBXBuildFile; fileRef = ED3AD96B1BF0539B00AEEFD5 /* ContactsViewController.swift */; };
/* End PBXBuildFile section */

/* Begin PBXFileReference section */
		88F048101BF19CFE00E95BCF /* GraphViewController.swift */ = {isa = PBXFileReference; fileEncoding = 4; lastKnownFileType = sourcecode.swift; path = GraphViewController.swift; sourceTree = "<group>"; };
		9363362B1BEE4ADF0035EF5D /* P3.app */ = {isa = PBXFileReference; explicitFileType = wrapper.application; includeInIndex = 0; path = P3.app; sourceTree = BUILT_PRODUCTS_DIR; };
		9363362E1BEE4ADF0035EF5D /* AppDelegate.h */ = {isa = PBXFileReference; lastKnownFileType = sourcecode.c.h; path = AppDelegate.h; sourceTree = "<group>"; };
		9363362F1BEE4ADF0035EF5D /* AppDelegate.m */ = {isa = PBXFileReference; lastKnownFileType = sourcecode.c.objc; path = AppDelegate.m; sourceTree = "<group>"; };
		936336321BEE4ADF0035EF5D /* main.m */ = {isa = PBXFileReference; lastKnownFileType = sourcecode.c.objc; path = main.m; sourceTree = "<group>"; };
		936336371BEE4ADF0035EF5D /* Assets.xcassets */ = {isa = PBXFileReference; lastKnownFileType = folder.assetcatalog; path = Assets.xcassets; sourceTree = "<group>"; };
		9363363A1BEE4ADF0035EF5D /* Base */ = {isa = PBXFileReference; lastKnownFileType = file.storyboard; name = Base; path = Base.lproj/Main.storyboard; sourceTree = "<group>"; };
		9363363C1BEE4ADF0035EF5D /* Info.plist */ = {isa = PBXFileReference; lastKnownFileType = text.plist.xml; path = Info.plist; sourceTree = "<group>"; };
		936336421BEE4B110035EF5D /* ContactsController.h */ = {isa = PBXFileReference; fileEncoding = 4; lastKnownFileType = sourcecode.c.h; path = ContactsController.h; sourceTree = "<group>"; };
		936336431BEE4B110035EF5D /* ContactsController.m */ = {isa = PBXFileReference; fileEncoding = 4; lastKnownFileType = sourcecode.c.objc; path = ContactsController.m; sourceTree = "<group>"; };
		936336451BEE4B1B0035EF5D /* Contact.h */ = {isa = PBXFileReference; fileEncoding = 4; lastKnownFileType = sourcecode.c.h; path = Contact.h; sourceTree = "<group>"; };
		936336461BEE4B1B0035EF5D /* Contact.m */ = {isa = PBXFileReference; fileEncoding = 4; lastKnownFileType = sourcecode.c.objc; path = Contact.m; sourceTree = "<group>"; };
		ED3AD96A1BF0539A00AEEFD5 /* P3-Bridging-Header.h */ = {isa = PBXFileReference; lastKnownFileType = sourcecode.c.h; path = "P3-Bridging-Header.h"; sourceTree = "<group>"; };
		ED3AD96B1BF0539B00AEEFD5 /* ContactsViewController.swift */ = {isa = PBXFileReference; fileEncoding = 4; lastKnownFileType = sourcecode.swift; path = ContactsViewController.swift; sourceTree = "<group>"; };
/* End PBXFileReference section */

/* Begin PBXFrameworksBuildPhase section */
		936336281BEE4ADF0035EF5D /* Frameworks */ = {
			isa = PBXFrameworksBuildPhase;
			buildActionMask = 2147483647;
			files = (
			);
			runOnlyForDeploymentPostprocessing = 0;
		};
/* End PBXFrameworksBuildPhase section */

/* Begin PBXGroup section */
		936336221BEE4ADF0035EF5D = {
			isa = PBXGroup;
			children = (
				9363362D1BEE4ADF0035EF5D /* P3 */,
				9363362C1BEE4ADF0035EF5D /* Products */,
			);
			sourceTree = "<group>";
		};
		9363362C1BEE4ADF0035EF5D /* Products */ = {
			isa = PBXGroup;
			children = (
				9363362B1BEE4ADF0035EF5D /* P3.app */,
			);
			name = Products;
			sourceTree = "<group>";
		};
		9363362D1BEE4ADF0035EF5D /* P3 */ = {
			isa = PBXGroup;
			children = (
				936336491BEE4B250035EF5D /* Controllers */,
				936336481BEE4B210035EF5D /* Models */,
				9363362E1BEE4ADF0035EF5D /* AppDelegate.h */,
				9363362F1BEE4ADF0035EF5D /* AppDelegate.m */,
				ED3AD96B1BF0539B00AEEFD5 /* ContactsViewController.swift */,
				88F048101BF19CFE00E95BCF /* GraphViewController.swift */,
				936336371BEE4ADF0035EF5D /* Assets.xcassets */,
				936336391BEE4ADF0035EF5D /* Main.storyboard */,
				9363363C1BEE4ADF0035EF5D /* Info.plist */,
				936336311BEE4ADF0035EF5D /* Supporting Files */,
				ED3AD96A1BF0539A00AEEFD5 /* P3-Bridging-Header.h */,
			);
			path = P3;
			sourceTree = "<group>";
		};
		936336311BEE4ADF0035EF5D /* Supporting Files */ = {
			isa = PBXGroup;
			children = (
				936336321BEE4ADF0035EF5D /* main.m */,
			);
			name = "Supporting Files";
			sourceTree = "<group>";
		};
		936336481BEE4B210035EF5D /* Models */ = {
			isa = PBXGroup;
			children = (
				936336451BEE4B1B0035EF5D /* Contact.h */,
				936336461BEE4B1B0035EF5D /* Contact.m */,
			);
			name = Models;
			sourceTree = "<group>";
		};
		936336491BEE4B250035EF5D /* Controllers */ = {
			isa = PBXGroup;
			children = (
				936336421BEE4B110035EF5D /* ContactsController.h */,
				936336431BEE4B110035EF5D /* ContactsController.m */,
			);
			name = Controllers;
			sourceTree = "<group>";
		};
/* End PBXGroup section */

/* Begin PBXNativeTarget section */
		9363362A1BEE4ADF0035EF5D /* P3 */ = {
			isa = PBXNativeTarget;
			buildConfigurationList = 9363363F1BEE4ADF0035EF5D /* Build configuration list for PBXNativeTarget "P3" */;
			buildPhases = (
				936336271BEE4ADF0035EF5D /* Sources */,
				936336281BEE4ADF0035EF5D /* Frameworks */,
				936336291BEE4ADF0035EF5D /* Resources */,
			);
			buildRules = (
			);
			dependencies = (
			);
			name = P3;
			productName = P3;
			productReference = 9363362B1BEE4ADF0035EF5D /* P3.app */;
			productType = "com.apple.product-type.application";
		};
/* End PBXNativeTarget section */

/* Begin PBXProject section */
		936336231BEE4ADF0035EF5D /* Project object */ = {
			isa = PBXProject;
			attributes = {
				LastUpgradeCheck = 0710;
				ORGANIZATIONNAME = "CS Boys";
				TargetAttributes = {
					9363362A1BEE4ADF0035EF5D = {
						CreatedOnToolsVersion = 7.1;
					};
				};
			};
			buildConfigurationList = 936336261BEE4ADF0035EF5D /* Build configuration list for PBXProject "P3" */;
			compatibilityVersion = "Xcode 3.2";
			developmentRegion = English;
			hasScannedForEncodings = 0;
			knownRegions = (
				en,
				Base,
			);
			mainGroup = 936336221BEE4ADF0035EF5D;
			productRefGroup = 9363362C1BEE4ADF0035EF5D /* Products */;
			projectDirPath = "";
			projectRoot = "";
			targets = (
				9363362A1BEE4ADF0035EF5D /* P3 */,
			);
		};
/* End PBXProject section */

/* Begin PBXResourcesBuildPhase section */
		936336291BEE4ADF0035EF5D /* Resources */ = {
			isa = PBXResourcesBuildPhase;
			buildActionMask = 2147483647;
			files = (
				936336381BEE4ADF0035EF5D /* Assets.xcassets in Resources */,
				9363363B1BEE4ADF0035EF5D /* Main.storyboard in Resources */,
			);
			runOnlyForDeploymentPostprocessing = 0;
		};
/* End PBXResourcesBuildPhase section */

/* Begin PBXSourcesBuildPhase section */
		936336271BEE4ADF0035EF5D /* Sources */ = {
			isa = PBXSourcesBuildPhase;
			buildActionMask = 2147483647;
			files = (
				ED3AD96C1BF0539B00AEEFD5 /* ContactsViewController.swift in Sources */,
				936336331BEE4ADF0035EF5D /* main.m in Sources */,
				936336471BEE4B1B0035EF5D /* Contact.m in Sources */,
				88F048111BF19CFE00E95BCF /* GraphViewController.swift in Sources */,
				936336441BEE4B110035EF5D /* ContactsController.m in Sources */,
				936336301BEE4ADF0035EF5D /* AppDelegate.m in Sources */,
			);
			runOnlyForDeploymentPostprocessing = 0;
		};
/* End PBXSourcesBuildPhase section */

/* Begin PBXVariantGroup section */
		936336391BEE4ADF0035EF5D /* Main.storyboard */ = {
			isa = PBXVariantGroup;
			children = (
				9363363A1BEE4ADF0035EF5D /* Base */,
			);
			name = Main.storyboard;
			sourceTree = "<group>";
		};
/* End PBXVariantGroup section */

/* Begin XCBuildConfiguration section */
		9363363D1BEE4ADF0035EF5D /* Debug */ = {
			isa = XCBuildConfiguration;
			buildSettings = {
				ALWAYS_SEARCH_USER_PATHS = NO;
				CLANG_CXX_LANGUAGE_STANDARD = "gnu++0x";
				CLANG_CXX_LIBRARY = "libc++";
				CLANG_ENABLE_MODULES = YES;
				CLANG_ENABLE_OBJC_ARC = YES;
				CLANG_WARN_BOOL_CONVERSION = YES;
				CLANG_WARN_CONSTANT_CONVERSION = YES;
				CLANG_WARN_DIRECT_OBJC_ISA_USAGE = YES_ERROR;
				CLANG_WARN_EMPTY_BODY = YES;
				CLANG_WARN_ENUM_CONVERSION = YES;
				CLANG_WARN_INT_CONVERSION = YES;
				CLANG_WARN_OBJC_ROOT_CLASS = YES_ERROR;
				CLANG_WARN_UNREACHABLE_CODE = YES;
				CLANG_WARN__DUPLICATE_METHOD_MATCH = YES;
				CODE_SIGN_IDENTITY = "-";
				COPY_PHASE_STRIP = NO;
				DEBUG_INFORMATION_FORMAT = dwarf;
				ENABLE_STRICT_OBJC_MSGSEND = YES;
				ENABLE_TESTABILITY = YES;
				GCC_C_LANGUAGE_STANDARD = gnu99;
				GCC_DYNAMIC_NO_PIC = NO;
				GCC_NO_COMMON_BLOCKS = YES;
				GCC_OPTIMIZATION_LEVEL = 0;
				GCC_PREPROCESSOR_DEFINITIONS = (
					"DEBUG=1",
					"$(inherited)",
				);
				GCC_WARN_64_TO_32_BIT_CONVERSION = YES;
				GCC_WARN_ABOUT_RETURN_TYPE = YES_ERROR;
				GCC_WARN_UNDECLARED_SELECTOR = YES;
				GCC_WARN_UNINITIALIZED_AUTOS = YES_AGGRESSIVE;
				GCC_WARN_UNUSED_FUNCTION = YES;
				GCC_WARN_UNUSED_VARIABLE = YES;
				MACOSX_DEPLOYMENT_TARGET = 10.11;
				MTL_ENABLE_DEBUG_INFO = YES;
				ONLY_ACTIVE_ARCH = YES;
				SDKROOT = macosx;
			};
			name = Debug;
		};
		9363363E1BEE4ADF0035EF5D /* Release */ = {
			isa = XCBuildConfiguration;
			buildSettings = {
				ALWAYS_SEARCH_USER_PATHS = NO;
				CLANG_CXX_LANGUAGE_STANDARD = "gnu++0x";
				CLANG_CXX_LIBRARY = "libc++";
				CLANG_ENABLE_MODULES = YES;
				CLANG_ENABLE_OBJC_ARC = YES;
				CLANG_WARN_BOOL_CONVERSION = YES;
				CLANG_WARN_CONSTANT_CONVERSION = YES;
				CLANG_WARN_DIRECT_OBJC_ISA_USAGE = YES_ERROR;
				CLANG_WARN_EMPTY_BODY = YES;
				CLANG_WARN_ENUM_CONVERSION = YES;
				CLANG_WARN_INT_CONVERSION = YES;
				CLANG_WARN_OBJC_ROOT_CLASS = YES_ERROR;
				CLANG_WARN_UNREACHABLE_CODE = YES;
				CLANG_WARN__DUPLICATE_METHOD_MATCH = YES;
				CODE_SIGN_IDENTITY = "-";
				COPY_PHASE_STRIP = NO;
				DEBUG_INFORMATION_FORMAT = "dwarf-with-dsym";
				ENABLE_NS_ASSERTIONS = NO;
				ENABLE_STRICT_OBJC_MSGSEND = YES;
				GCC_C_LANGUAGE_STANDARD = gnu99;
				GCC_NO_COMMON_BLOCKS = YES;
				GCC_WARN_64_TO_32_BIT_CONVERSION = YES;
				GCC_WARN_ABOUT_RETURN_TYPE = YES_ERROR;
				GCC_WARN_UNDECLARED_SELECTOR = YES;
				GCC_WARN_UNINITIALIZED_AUTOS = YES_AGGRESSIVE;
				GCC_WARN_UNUSED_FUNCTION = YES;
				GCC_WARN_UNUSED_VARIABLE = YES;
				MACOSX_DEPLOYMENT_TARGET = 10.11;
				MTL_ENABLE_DEBUG_INFO = NO;
				SDKROOT = macosx;
			};
			name = Release;
		};
		936336401BEE4ADF0035EF5D /* Debug */ = {
			isa = XCBuildConfiguration;
			buildSettings = {
				ASSETCATALOG_COMPILER_APPICON_NAME = AppIcon;
				CLANG_ENABLE_MODULES = YES;
				COMBINE_HIDPI_IMAGES = YES;
				INFOPLIST_FILE = P3/Info.plist;
				LD_RUNPATH_SEARCH_PATHS = "$(inherited) @executable_path/../Frameworks";
				PRODUCT_BUNDLE_IDENTIFIER = com.csboys.P3;
				PRODUCT_NAME = "$(TARGET_NAME)";
				SWIFT_OBJC_BRIDGING_HEADER = "P3/P3-Bridging-Header.h";
				SWIFT_OPTIMIZATION_LEVEL = "-Onone";
			};
			name = Debug;
		};
		936336411BEE4ADF0035EF5D /* Release */ = {
			isa = XCBuildConfiguration;
			buildSettings = {
				ASSETCATALOG_COMPILER_APPICON_NAME = AppIcon;
				CLANG_ENABLE_MODULES = YES;
				COMBINE_HIDPI_IMAGES = YES;
				INFOPLIST_FILE = P3/Info.plist;
				LD_RUNPATH_SEARCH_PATHS = "$(inherited) @executable_path/../Frameworks";
				PRODUCT_BUNDLE_IDENTIFIER = com.csboys.P3;
				PRODUCT_NAME = "$(TARGET_NAME)";
				SWIFT_OBJC_BRIDGING_HEADER = "P3/P3-Bridging-Header.h";
			};
			name = Release;
		};
/* End XCBuildConfiguration section */

/* Begin XCConfigurationList section */
		936336261BEE4ADF0035EF5D /* Build configuration list for PBXProject "P3" */ = {
			isa = XCConfigurationList;
			buildConfigurations = (
				9363363D1BEE4ADF0035EF5D /* Debug */,
				9363363E1BEE4ADF0035EF5D /* Release */,
			);
			defaultConfigurationIsVisible = 0;
			defaultConfigurationName = Release;
		};
		9363363F1BEE4ADF0035EF5D /* Build configuration list for PBXNativeTarget "P3" */ = {
			isa = XCConfigurationList;
			buildConfigurations = (
				936336401BEE4ADF0035EF5D /* Debug */,
				936336411BEE4ADF0035EF5D /* Release */,
			);
			defaultConfigurationIsVisible = 0;
			defaultConfigurationName = Release;
		};
/* End XCConfigurationList section */
	};
	rootObject = 936336231BEE4ADF0035EF5D /* Project object */;
}
