// !$*UTF8*$!
{
	archiveVersion = 1;
	classes = {
	};
	objectVersion = 46;
	objects = {

/* Begin PBXBuildFile section */
		934C14671BFE95C000CB3D52 /* AppDelegate.swift in Sources */ = {isa = PBXBuildFile; fileRef = 934C14661BFE95C000CB3D52 /* AppDelegate.swift */; };
		934C14691BFE95C000CB3D52 /* ViewController.swift in Sources */ = {isa = PBXBuildFile; fileRef = 934C14681BFE95C000CB3D52 /* ViewController.swift */; };
		934C146C1BFE95C000CB3D52 /* MovieOrganizer.xcdatamodeld in Sources */ = {isa = PBXBuildFile; fileRef = 934C146A1BFE95C000CB3D52 /* MovieOrganizer.xcdatamodeld */; };
		934C146E1BFE95C000CB3D52 /* Assets.xcassets in Resources */ = {isa = PBXBuildFile; fileRef = 934C146D1BFE95C000CB3D52 /* Assets.xcassets */; };
		934C14711BFE95C000CB3D52 /* Main.storyboard in Resources */ = {isa = PBXBuildFile; fileRef = 934C146F1BFE95C000CB3D52 /* Main.storyboard */; };
/* End PBXBuildFile section */

/* Begin PBXFileReference section */
		934C14631BFE95C000CB3D52 /* MovieOrganizer.app */ = {isa = PBXFileReference; explicitFileType = wrapper.application; includeInIndex = 0; path = MovieOrganizer.app; sourceTree = BUILT_PRODUCTS_DIR; };
		934C14661BFE95C000CB3D52 /* AppDelegate.swift */ = {isa = PBXFileReference; lastKnownFileType = sourcecode.swift; path = AppDelegate.swift; sourceTree = "<group>"; };
		934C14681BFE95C000CB3D52 /* ViewController.swift */ = {isa = PBXFileReference; lastKnownFileType = sourcecode.swift; path = ViewController.swift; sourceTree = "<group>"; };
		934C146B1BFE95C000CB3D52 /* MovieOrganizer.xcdatamodel */ = {isa = PBXFileReference; lastKnownFileType = wrapper.xcdatamodel; path = MovieOrganizer.xcdatamodel; sourceTree = "<group>"; };
		934C146D1BFE95C000CB3D52 /* Assets.xcassets */ = {isa = PBXFileReference; lastKnownFileType = folder.assetcatalog; path = Assets.xcassets; sourceTree = "<group>"; };
		934C14701BFE95C000CB3D52 /* Base */ = {isa = PBXFileReference; lastKnownFileType = file.storyboard; name = Base; path = Base.lproj/Main.storyboard; sourceTree = "<group>"; };
		934C14721BFE95C000CB3D52 /* Info.plist */ = {isa = PBXFileReference; lastKnownFileType = text.plist.xml; path = Info.plist; sourceTree = "<group>"; };
/* End PBXFileReference section */

/* Begin PBXFrameworksBuildPhase section */
		934C14601BFE95C000CB3D52 /* Frameworks */ = {
			isa = PBXFrameworksBuildPhase;
			buildActionMask = 2147483647;
			files = (
			);
			runOnlyForDeploymentPostprocessing = 0;
		};
/* End PBXFrameworksBuildPhase section */

/* Begin PBXGroup section */
		934C145A1BFE95C000CB3D52 = {
			isa = PBXGroup;
			children = (
				934C14651BFE95C000CB3D52 /* MovieOrganizer */,
				934C14641BFE95C000CB3D52 /* Products */,
			);
			sourceTree = "<group>";
		};
		934C14641BFE95C000CB3D52 /* Products */ = {
			isa = PBXGroup;
			children = (
				934C14631BFE95C000CB3D52 /* MovieOrganizer.app */,
			);
			name = Products;
			sourceTree = "<group>";
		};
		934C14651BFE95C000CB3D52 /* MovieOrganizer */ = {
			isa = PBXGroup;
			children = (
				934C14661BFE95C000CB3D52 /* AppDelegate.swift */,
				934C14681BFE95C000CB3D52 /* ViewController.swift */,
				934C146D1BFE95C000CB3D52 /* Assets.xcassets */,
				934C146F1BFE95C000CB3D52 /* Main.storyboard */,
				934C14721BFE95C000CB3D52 /* Info.plist */,
				934C146A1BFE95C000CB3D52 /* MovieOrganizer.xcdatamodeld */,
			);
			path = MovieOrganizer;
			sourceTree = "<group>";
		};
/* End PBXGroup section */

/* Begin PBXNativeTarget section */
		934C14621BFE95C000CB3D52 /* MovieOrganizer */ = {
			isa = PBXNativeTarget;
			buildConfigurationList = 934C14751BFE95C000CB3D52 /* Build configuration list for PBXNativeTarget "MovieOrganizer" */;
			buildPhases = (
				934C145F1BFE95C000CB3D52 /* Sources */,
				934C14601BFE95C000CB3D52 /* Frameworks */,
				934C14611BFE95C000CB3D52 /* Resources */,
			);
			buildRules = (
			);
			dependencies = (
			);
			name = MovieOrganizer;
			productName = MovieOrganizer;
			productReference = 934C14631BFE95C000CB3D52 /* MovieOrganizer.app */;
			productType = "com.apple.product-type.application";
		};
/* End PBXNativeTarget section */

/* Begin PBXProject section */
		934C145B1BFE95C000CB3D52 /* Project object */ = {
			isa = PBXProject;
			attributes = {
				LastSwiftUpdateCheck = 0710;
				LastUpgradeCheck = 0710;
				ORGANIZATIONNAME = "CS Boys";
				TargetAttributes = {
					934C14621BFE95C000CB3D52 = {
						CreatedOnToolsVersion = 7.1.1;
					};
				};
			};
			buildConfigurationList = 934C145E1BFE95C000CB3D52 /* Build configuration list for PBXProject "MovieOrganizer" */;
			compatibilityVersion = "Xcode 3.2";
			developmentRegion = English;
			hasScannedForEncodings = 0;
			knownRegions = (
				en,
				Base,
			);
			mainGroup = 934C145A1BFE95C000CB3D52;
			productRefGroup = 934C14641BFE95C000CB3D52 /* Products */;
			projectDirPath = "";
			projectRoot = "";
			targets = (
				934C14621BFE95C000CB3D52 /* MovieOrganizer */,
			);
		};
/* End PBXProject section */

/* Begin PBXResourcesBuildPhase section */
		934C14611BFE95C000CB3D52 /* Resources */ = {
			isa = PBXResourcesBuildPhase;
			buildActionMask = 2147483647;
			files = (
				934C146E1BFE95C000CB3D52 /* Assets.xcassets in Resources */,
				934C14711BFE95C000CB3D52 /* Main.storyboard in Resources */,
			);
			runOnlyForDeploymentPostprocessing = 0;
		};
/* End PBXResourcesBuildPhase section */

/* Begin PBXSourcesBuildPhase section */
		934C145F1BFE95C000CB3D52 /* Sources */ = {
			isa = PBXSourcesBuildPhase;
			buildActionMask = 2147483647;
			files = (
				934C146C1BFE95C000CB3D52 /* MovieOrganizer.xcdatamodeld in Sources */,
				934C14691BFE95C000CB3D52 /* ViewController.swift in Sources */,
				934C14671BFE95C000CB3D52 /* AppDelegate.swift in Sources */,
			);
			runOnlyForDeploymentPostprocessing = 0;
		};
/* End PBXSourcesBuildPhase section */

/* Begin PBXVariantGroup section */
		934C146F1BFE95C000CB3D52 /* Main.storyboard */ = {
			isa = PBXVariantGroup;
			children = (
				934C14701BFE95C000CB3D52 /* Base */,
			);
			name = Main.storyboard;
			sourceTree = "<group>";
		};
/* End PBXVariantGroup section */

/* Begin XCBuildConfiguration section */
		934C14731BFE95C000CB3D52 /* Debug */ = {
			isa = XCBuildConfiguration;
			buildSettings = {
				ALWAYS_SEARCH_USER_PATHS = NO;
				CLANG_CXX_LANGUAGE_STANDARD = "gnu++0x";
				CLANG_CXX_LIBRARY = "libc++";
				CLANG_ENABLE_MODULES = YES;
				CLANG_ENABLE_OBJC_ARC = YES;
				CLANG_WARN_BOOL_CONVERSION = YES;
				CLANG_WARN_CONSTANT_CONVERSION = YES;
				CLANG_WARN_DIRECT_OBJC_ISA_USAGE = YES_ERROR;
				CLANG_WARN_EMPTY_BODY = YES;
				CLANG_WARN_ENUM_CONVERSION = YES;
				CLANG_WARN_INT_CONVERSION = YES;
				CLANG_WARN_OBJC_ROOT_CLASS = YES_ERROR;
				CLANG_WARN_UNREACHABLE_CODE = YES;
				CLANG_WARN__DUPLICATE_METHOD_MATCH = YES;
				CODE_SIGN_IDENTITY = "-";
				COPY_PHASE_STRIP = NO;
				DEBUG_INFORMATION_FORMAT = dwarf;
				ENABLE_STRICT_OBJC_MSGSEND = YES;
				ENABLE_TESTABILITY = YES;
				GCC_C_LANGUAGE_STANDARD = gnu99;
				GCC_DYNAMIC_NO_PIC = NO;
				GCC_NO_COMMON_BLOCKS = YES;
				GCC_OPTIMIZATION_LEVEL = 0;
				GCC_PREPROCESSOR_DEFINITIONS = (
					"DEBUG=1",
					"$(inherited)",
				);
				GCC_WARN_64_TO_32_BIT_CONVERSION = YES;
				GCC_WARN_ABOUT_RETURN_TYPE = YES_ERROR;
				GCC_WARN_UNDECLARED_SELECTOR = YES;
				GCC_WARN_UNINITIALIZED_AUTOS = YES_AGGRESSIVE;
				GCC_WARN_UNUSED_FUNCTION = YES;
				GCC_WARN_UNUSED_VARIABLE = YES;
				MACOSX_DEPLOYMENT_TARGET = 10.11;
				MTL_ENABLE_DEBUG_INFO = YES;
				ONLY_ACTIVE_ARCH = YES;
				SDKROOT = macosx;
				SWIFT_OPTIMIZATION_LEVEL = "-Onone";
			};
			name = Debug;
		};
		934C14741BFE95C000CB3D52 /* Release */ = {
			isa = XCBuildConfiguration;
			buildSettings = {
				ALWAYS_SEARCH_USER_PATHS = NO;
				CLANG_CXX_LANGUAGE_STANDARD = "gnu++0x";
				CLANG_CXX_LIBRARY = "libc++";
				CLANG_ENABLE_MODULES = YES;
				CLANG_ENABLE_OBJC_ARC = YES;
				CLANG_WARN_BOOL_CONVERSION = YES;
				CLANG_WARN_CONSTANT_CONVERSION = YES;
				CLANG_WARN_DIRECT_OBJC_ISA_USAGE = YES_ERROR;
				CLANG_WARN_EMPTY_BODY = YES;
				CLANG_WARN_ENUM_CONVERSION = YES;
				CLANG_WARN_INT_CONVERSION = YES;
				CLANG_WARN_OBJC_ROOT_CLASS = YES_ERROR;
				CLANG_WARN_UNREACHABLE_CODE = YES;
				CLANG_WARN__DUPLICATE_METHOD_MATCH = YES;
				CODE_SIGN_IDENTITY = "-";
				COPY_PHASE_STRIP = NO;
				DEBUG_INFORMATION_FORMAT = "dwarf-with-dsym";
				ENABLE_NS_ASSERTIONS = NO;
				ENABLE_STRICT_OBJC_MSGSEND = YES;
				GCC_C_LANGUAGE_STANDARD = gnu99;
				GCC_NO_COMMON_BLOCKS = YES;
				GCC_WARN_64_TO_32_BIT_CONVERSION = YES;
				GCC_WARN_ABOUT_RETURN_TYPE = YES_ERROR;
				GCC_WARN_UNDECLARED_SELECTOR = YES;
				GCC_WARN_UNINITIALIZED_AUTOS = YES_AGGRESSIVE;
				GCC_WARN_UNUSED_FUNCTION = YES;
				GCC_WARN_UNUSED_VARIABLE = YES;
				MACOSX_DEPLOYMENT_TARGET = 10.11;
				MTL_ENABLE_DEBUG_INFO = NO;
				SDKROOT = macosx;
			};
			name = Release;
		};
		934C14761BFE95C000CB3D52 /* Debug */ = {
			isa = XCBuildConfiguration;
			buildSettings = {
				ASSETCATALOG_COMPILER_APPICON_NAME = AppIcon;
				COMBINE_HIDPI_IMAGES = YES;
				INFOPLIST_FILE = MovieOrganizer/Info.plist;
				LD_RUNPATH_SEARCH_PATHS = "$(inherited) @executable_path/../Frameworks";
				PRODUCT_BUNDLE_IDENTIFIER = com.csboys.MovieOrganizer;
				PRODUCT_NAME = "$(TARGET_NAME)";
			};
			name = Debug;
		};
		934C14771BFE95C000CB3D52 /* Release */ = {
			isa = XCBuildConfiguration;
			buildSettings = {
				ASSETCATALOG_COMPILER_APPICON_NAME = AppIcon;
				COMBINE_HIDPI_IMAGES = YES;
				INFOPLIST_FILE = MovieOrganizer/Info.plist;
				LD_RUNPATH_SEARCH_PATHS = "$(inherited) @executable_path/../Frameworks";
				PRODUCT_BUNDLE_IDENTIFIER = com.csboys.MovieOrganizer;
				PRODUCT_NAME = "$(TARGET_NAME)";
			};
			name = Release;
		};
/* End XCBuildConfiguration section */

/* Begin XCConfigurationList section */
		934C145E1BFE95C000CB3D52 /* Build configuration list for PBXProject "MovieOrganizer" */ = {
			isa = XCConfigurationList;
			buildConfigurations = (
				934C14731BFE95C000CB3D52 /* Debug */,
				934C14741BFE95C000CB3D52 /* Release */,
			);
			defaultConfigurationIsVisible = 0;
			defaultConfigurationName = Release;
		};
		934C14751BFE95C000CB3D52 /* Build configuration list for PBXNativeTarget "MovieOrganizer" */ = {
			isa = XCConfigurationList;
			buildConfigurations = (
				934C14761BFE95C000CB3D52 /* Debug */,
				934C14771BFE95C000CB3D52 /* Release */,
			);
			defaultConfigurationIsVisible = 0;
		};
/* End XCConfigurationList section */

/* Begin XCVersionGroup section */
		934C146A1BFE95C000CB3D52 /* MovieOrganizer.xcdatamodeld */ = {
			isa = XCVersionGroup;
			children = (
				934C146B1BFE95C000CB3D52 /* MovieOrganizer.xcdatamodel */,
			);
			currentVersion = 934C146B1BFE95C000CB3D52 /* MovieOrganizer.xcdatamodel */;
			path = MovieOrganizer.xcdatamodeld;
			sourceTree = "<group>";
			versionGroupType = wrapper.xcdatamodel;
		};
/* End XCVersionGroup section */
	};
	rootObject = 934C145B1BFE95C000CB3D52 /* Project object */;
}
