// !$*UTF8*$!
{
	archiveVersion = 1;
	classes = {
	};
	objectVersion = 46;
	objects = {

/* Begin PBXBuildFile section */
		931CF09D1C0BAA55003122FB /* AppDelegate.m in Sources */ = {isa = PBXBuildFile; fileRef = 931CF09C1C0BAA55003122FB /* AppDelegate.m */; };
		931CF0A01C0BAA55003122FB /* main.m in Sources */ = {isa = PBXBuildFile; fileRef = 931CF09F1C0BAA55003122FB /* main.m */; };
		931CF0A31C0BAA55003122FB /* ViewController.m in Sources */ = {isa = PBXBuildFile; fileRef = 931CF0A21C0BAA55003122FB /* ViewController.m */; };
		931CF0A51C0BAA55003122FB /* Assets.xcassets in Resources */ = {isa = PBXBuildFile; fileRef = 931CF0A41C0BAA55003122FB /* Assets.xcassets */; };
		931CF0A81C0BAA55003122FB /* Main.storyboard in Resources */ = {isa = PBXBuildFile; fileRef = 931CF0A61C0BAA55003122FB /* Main.storyboard */; };
/* End PBXBuildFile section */

/* Begin PBXFileReference section */
		931CF0981C0BAA55003122FB /* MovieOrganizer.app */ = {isa = PBXFileReference; explicitFileType = wrapper.application; includeInIndex = 0; path = MovieOrganizer.app; sourceTree = BUILT_PRODUCTS_DIR; };
		931CF09B1C0BAA55003122FB /* AppDelegate.h */ = {isa = PBXFileReference; lastKnownFileType = sourcecode.c.h; path = AppDelegate.h; sourceTree = "<group>"; };
		931CF09C1C0BAA55003122FB /* AppDelegate.m */ = {isa = PBXFileReference; lastKnownFileType = sourcecode.c.objc; path = AppDelegate.m; sourceTree = "<group>"; };
		931CF09F1C0BAA55003122FB /* main.m */ = {isa = PBXFileReference; lastKnownFileType = sourcecode.c.objc; path = main.m; sourceTree = "<group>"; };
		931CF0A11C0BAA55003122FB /* ViewController.h */ = {isa = PBXFileReference; lastKnownFileType = sourcecode.c.h; path = ViewController.h; sourceTree = "<group>"; };
		931CF0A21C0BAA55003122FB /* ViewController.m */ = {isa = PBXFileReference; lastKnownFileType = sourcecode.c.objc; path = ViewController.m; sourceTree = "<group>"; };
		931CF0A41C0BAA55003122FB /* Assets.xcassets */ = {isa = PBXFileReference; lastKnownFileType = folder.assetcatalog; path = Assets.xcassets; sourceTree = "<group>"; };
		931CF0A71C0BAA55003122FB /* Base */ = {isa = PBXFileReference; lastKnownFileType = file.storyboard; name = Base; path = Base.lproj/Main.storyboard; sourceTree = "<group>"; };
		931CF0A91C0BAA55003122FB /* Info.plist */ = {isa = PBXFileReference; lastKnownFileType = text.plist.xml; path = Info.plist; sourceTree = "<group>"; };
/* End PBXFileReference section */

/* Begin PBXFrameworksBuildPhase section */
		931CF0951C0BAA55003122FB /* Frameworks */ = {
			isa = PBXFrameworksBuildPhase;
			buildActionMask = 2147483647;
			files = (
			);
			runOnlyForDeploymentPostprocessing = 0;
		};
/* End PBXFrameworksBuildPhase section */

/* Begin PBXGroup section */
		931CF08F1C0BAA55003122FB = {
			isa = PBXGroup;
			children = (
				931CF09A1C0BAA55003122FB /* MovieOrganizer */,
				931CF0991C0BAA55003122FB /* Products */,
			);
			sourceTree = "<group>";
		};
		931CF0991C0BAA55003122FB /* Products */ = {
			isa = PBXGroup;
			children = (
				931CF0981C0BAA55003122FB /* MovieOrganizer.app */,
			);
			name = Products;
			sourceTree = "<group>";
		};
		931CF09A1C0BAA55003122FB /* MovieOrganizer */ = {
			isa = PBXGroup;
			children = (
				931CF09B1C0BAA55003122FB /* AppDelegate.h */,
				931CF09C1C0BAA55003122FB /* AppDelegate.m */,
				931CF0A11C0BAA55003122FB /* ViewController.h */,
				931CF0A21C0BAA55003122FB /* ViewController.m */,
				931CF0A41C0BAA55003122FB /* Assets.xcassets */,
				931CF0A61C0BAA55003122FB /* Main.storyboard */,
				931CF0A91C0BAA55003122FB /* Info.plist */,
				931CF09E1C0BAA55003122FB /* Supporting Files */,
			);
			path = MovieOrganizer;
			sourceTree = "<group>";
		};
		931CF09E1C0BAA55003122FB /* Supporting Files */ = {
			isa = PBXGroup;
			children = (
				931CF09F1C0BAA55003122FB /* main.m */,
			);
			name = "Supporting Files";
			sourceTree = "<group>";
		};
/* End PBXGroup section */

/* Begin PBXNativeTarget section */
		931CF0971C0BAA55003122FB /* MovieOrganizer */ = {
			isa = PBXNativeTarget;
			buildConfigurationList = 931CF0AC1C0BAA55003122FB /* Build configuration list for PBXNativeTarget "MovieOrganizer" */;
			buildPhases = (
				931CF0941C0BAA55003122FB /* Sources */,
				931CF0951C0BAA55003122FB /* Frameworks */,
				931CF0961C0BAA55003122FB /* Resources */,
			);
			buildRules = (
			);
			dependencies = (
			);
			name = MovieOrganizer;
			productName = MovieOrganizer;
			productReference = 931CF0981C0BAA55003122FB /* MovieOrganizer.app */;
			productType = "com.apple.product-type.application";
		};
/* End PBXNativeTarget section */

/* Begin PBXProject section */
		931CF0901C0BAA55003122FB /* Project object */ = {
			isa = PBXProject;
			attributes = {
				LastUpgradeCheck = 0710;
				ORGANIZATIONNAME = "CS Boys";
				TargetAttributes = {
					931CF0971C0BAA55003122FB = {
						CreatedOnToolsVersion = 7.1.1;
					};
				};
			};
			buildConfigurationList = 931CF0931C0BAA55003122FB /* Build configuration list for PBXProject "MovieOrganizer" */;
			compatibilityVersion = "Xcode 3.2";
			developmentRegion = English;
			hasScannedForEncodings = 0;
			knownRegions = (
				en,
				Base,
			);
			mainGroup = 931CF08F1C0BAA55003122FB;
			productRefGroup = 931CF0991C0BAA55003122FB /* Products */;
			projectDirPath = "";
			projectRoot = "";
			targets = (
				931CF0971C0BAA55003122FB /* MovieOrganizer */,
			);
		};
/* End PBXProject section */

/* Begin PBXResourcesBuildPhase section */
		931CF0961C0BAA55003122FB /* Resources */ = {
			isa = PBXResourcesBuildPhase;
			buildActionMask = 2147483647;
			files = (
				931CF0A51C0BAA55003122FB /* Assets.xcassets in Resources */,
				931CF0A81C0BAA55003122FB /* Main.storyboard in Resources */,
			);
			runOnlyForDeploymentPostprocessing = 0;
		};
/* End PBXResourcesBuildPhase section */

/* Begin PBXSourcesBuildPhase section */
		931CF0941C0BAA55003122FB /* Sources */ = {
			isa = PBXSourcesBuildPhase;
			buildActionMask = 2147483647;
			files = (
				931CF0A31C0BAA55003122FB /* ViewController.m in Sources */,
				931CF0A01C0BAA55003122FB /* main.m in Sources */,
				931CF09D1C0BAA55003122FB /* AppDelegate.m in Sources */,
			);
			runOnlyForDeploymentPostprocessing = 0;
		};
/* End PBXSourcesBuildPhase section */

/* Begin PBXVariantGroup section */
		931CF0A61C0BAA55003122FB /* Main.storyboard */ = {
			isa = PBXVariantGroup;
			children = (
				931CF0A71C0BAA55003122FB /* Base */,
			);
			name = Main.storyboard;
			sourceTree = "<group>";
		};
/* End PBXVariantGroup section */

/* Begin XCBuildConfiguration section */
		931CF0AA1C0BAA55003122FB /* Debug */ = {
			isa = XCBuildConfiguration;
			buildSettings = {
				ALWAYS_SEARCH_USER_PATHS = NO;
				CLANG_CXX_LANGUAGE_STANDARD = "gnu++0x";
				CLANG_CXX_LIBRARY = "libc++";
				CLANG_ENABLE_MODULES = YES;
				CLANG_ENABLE_OBJC_ARC = YES;
				CLANG_WARN_BOOL_CONVERSION = YES;
				CLANG_WARN_CONSTANT_CONVERSION = YES;
				CLANG_WARN_DIRECT_OBJC_ISA_USAGE = YES_ERROR;
				CLANG_WARN_EMPTY_BODY = YES;
				CLANG_WARN_ENUM_CONVERSION = YES;
				CLANG_WARN_INT_CONVERSION = YES;
				CLANG_WARN_OBJC_ROOT_CLASS = YES_ERROR;
				CLANG_WARN_UNREACHABLE_CODE = YES;
				CLANG_WARN__DUPLICATE_METHOD_MATCH = YES;
				CODE_SIGN_IDENTITY = "-";
				COPY_PHASE_STRIP = NO;
				DEBUG_INFORMATION_FORMAT = dwarf;
				ENABLE_STRICT_OBJC_MSGSEND = YES;
				ENABLE_TESTABILITY = YES;
				GCC_C_LANGUAGE_STANDARD = gnu99;
				GCC_DYNAMIC_NO_PIC = NO;
				GCC_NO_COMMON_BLOCKS = YES;
				GCC_OPTIMIZATION_LEVEL = 0;
				GCC_PREPROCESSOR_DEFINITIONS = (
					"DEBUG=1",
					"$(inherited)",
				);
				GCC_WARN_64_TO_32_BIT_CONVERSION = YES;
				GCC_WARN_ABOUT_RETURN_TYPE = YES_ERROR;
				GCC_WARN_UNDECLARED_SELECTOR = YES;
				GCC_WARN_UNINITIALIZED_AUTOS = YES_AGGRESSIVE;
				GCC_WARN_UNUSED_FUNCTION = YES;
				GCC_WARN_UNUSED_VARIABLE = YES;
				MACOSX_DEPLOYMENT_TARGET = 10.11;
				MTL_ENABLE_DEBUG_INFO = YES;
				ONLY_ACTIVE_ARCH = YES;
				SDKROOT = macosx;
			};
			name = Debug;
		};
		931CF0AB1C0BAA55003122FB /* Release */ = {
			isa = XCBuildConfiguration;
			buildSettings = {
				ALWAYS_SEARCH_USER_PATHS = NO;
				CLANG_CXX_LANGUAGE_STANDARD = "gnu++0x";
				CLANG_CXX_LIBRARY = "libc++";
				CLANG_ENABLE_MODULES = YES;
				CLANG_ENABLE_OBJC_ARC = YES;
				CLANG_WARN_BOOL_CONVERSION = YES;
				CLANG_WARN_CONSTANT_CONVERSION = YES;
				CLANG_WARN_DIRECT_OBJC_ISA_USAGE = YES_ERROR;
				CLANG_WARN_EMPTY_BODY = YES;
				CLANG_WARN_ENUM_CONVERSION = YES;
				CLANG_WARN_INT_CONVERSION = YES;
				CLANG_WARN_OBJC_ROOT_CLASS = YES_ERROR;
				CLANG_WARN_UNREACHABLE_CODE = YES;
				CLANG_WARN__DUPLICATE_METHOD_MATCH = YES;
				CODE_SIGN_IDENTITY = "-";
				COPY_PHASE_STRIP = NO;
				DEBUG_INFORMATION_FORMAT = "dwarf-with-dsym";
				ENABLE_NS_ASSERTIONS = NO;
				ENABLE_STRICT_OBJC_MSGSEND = YES;
				GCC_C_LANGUAGE_STANDARD = gnu99;
				GCC_NO_COMMON_BLOCKS = YES;
				GCC_WARN_64_TO_32_BIT_CONVERSION = YES;
				GCC_WARN_ABOUT_RETURN_TYPE = YES_ERROR;
				GCC_WARN_UNDECLARED_SELECTOR = YES;
				GCC_WARN_UNINITIALIZED_AUTOS = YES_AGGRESSIVE;
				GCC_WARN_UNUSED_FUNCTION = YES;
				GCC_WARN_UNUSED_VARIABLE = YES;
				MACOSX_DEPLOYMENT_TARGET = 10.11;
				MTL_ENABLE_DEBUG_INFO = NO;
				SDKROOT = macosx;
			};
			name = Release;
		};
		931CF0AD1C0BAA55003122FB /* Debug */ = {
			isa = XCBuildConfiguration;
			buildSettings = {
				ASSETCATALOG_COMPILER_APPICON_NAME = AppIcon;
				COMBINE_HIDPI_IMAGES = YES;
				INFOPLIST_FILE = MovieOrganizer/Info.plist;
				LD_RUNPATH_SEARCH_PATHS = "$(inherited) @executable_path/../Frameworks";
				PRODUCT_BUNDLE_IDENTIFIER = com.csboys.MovieOrganizer;
				PRODUCT_NAME = "$(TARGET_NAME)";
			};
			name = Debug;
		};
		931CF0AE1C0BAA55003122FB /* Release */ = {
			isa = XCBuildConfiguration;
			buildSettings = {
				ASSETCATALOG_COMPILER_APPICON_NAME = AppIcon;
				COMBINE_HIDPI_IMAGES = YES;
				INFOPLIST_FILE = MovieOrganizer/Info.plist;
				LD_RUNPATH_SEARCH_PATHS = "$(inherited) @executable_path/../Frameworks";
				PRODUCT_BUNDLE_IDENTIFIER = com.csboys.MovieOrganizer;
				PRODUCT_NAME = "$(TARGET_NAME)";
			};
			name = Release;
		};
/* End XCBuildConfiguration section */

/* Begin XCConfigurationList section */
		931CF0931C0BAA55003122FB /* Build configuration list for PBXProject "MovieOrganizer" */ = {
			isa = XCConfigurationList;
			buildConfigurations = (
				931CF0AA1C0BAA55003122FB /* Debug */,
				931CF0AB1C0BAA55003122FB /* Release */,
			);
			defaultConfigurationIsVisible = 0;
			defaultConfigurationName = Release;
		};
		931CF0AC1C0BAA55003122FB /* Build configuration list for PBXNativeTarget "MovieOrganizer" */ = {
			isa = XCConfigurationList;
			buildConfigurations = (
				931CF0AD1C0BAA55003122FB /* Debug */,
				931CF0AE1C0BAA55003122FB /* Release */,
			);
			defaultConfigurationIsVisible = 0;
		};
/* End XCConfigurationList section */
	};
	rootObject = 931CF0901C0BAA55003122FB /* Project object */;
}
