// !$*UTF8*$!
{
	archiveVersion = 1;
	classes = {
	};
	objectVersion = 46;
	objects = {

/* Begin PBXBuildFile section */
		934F793B1BC2E29E00EF49B3 /* AppDelegate.swift in Sources */ = {isa = PBXBuildFile; fileRef = 934F793A1BC2E29E00EF49B3 /* AppDelegate.swift */; };
		934F793D1BC2E29E00EF49B3 /* ViewController.swift in Sources */ = {isa = PBXBuildFile; fileRef = 934F793C1BC2E29E00EF49B3 /* ViewController.swift */; };
		934F793F1BC2E29E00EF49B3 /* Assets.xcassets in Resources */ = {isa = PBXBuildFile; fileRef = 934F793E1BC2E29E00EF49B3 /* Assets.xcassets */; };
		934F79421BC2E29E00EF49B3 /* Main.storyboard in Resources */ = {isa = PBXBuildFile; fileRef = 934F79401BC2E29E00EF49B3 /* Main.storyboard */; };
/* End PBXBuildFile section */

/* Begin PBXFileReference section */
		934F79371BC2E29E00EF49B3 /* P2A.app */ = {isa = PBXFileReference; explicitFileType = wrapper.application; includeInIndex = 0; path = P2A.app; sourceTree = BUILT_PRODUCTS_DIR; };
		934F793A1BC2E29E00EF49B3 /* AppDelegate.swift */ = {isa = PBXFileReference; lastKnownFileType = sourcecode.swift; path = AppDelegate.swift; sourceTree = "<group>"; };
		934F793C1BC2E29E00EF49B3 /* ViewController.swift */ = {isa = PBXFileReference; lastKnownFileType = sourcecode.swift; path = ViewController.swift; sourceTree = "<group>"; };
		934F793E1BC2E29E00EF49B3 /* Assets.xcassets */ = {isa = PBXFileReference; lastKnownFileType = folder.assetcatalog; path = Assets.xcassets; sourceTree = "<group>"; };
		934F79411BC2E29E00EF49B3 /* Base */ = {isa = PBXFileReference; lastKnownFileType = file.storyboard; name = Base; path = Base.lproj/Main.storyboard; sourceTree = "<group>"; };
		934F79431BC2E29E00EF49B3 /* Info.plist */ = {isa = PBXFileReference; lastKnownFileType = text.plist.xml; path = Info.plist; sourceTree = "<group>"; };
/* End PBXFileReference section */

/* Begin PBXFrameworksBuildPhase section */
		934F79341BC2E29E00EF49B3 /* Frameworks */ = {
			isa = PBXFrameworksBuildPhase;
			buildActionMask = 2147483647;
			files = (
			);
			runOnlyForDeploymentPostprocessing = 0;
		};
/* End PBXFrameworksBuildPhase section */

/* Begin PBXGroup section */
		934F792E1BC2E29E00EF49B3 = {
			isa = PBXGroup;
			children = (
				934F79391BC2E29E00EF49B3 /* P2A */,
				934F79381BC2E29E00EF49B3 /* Products */,
			);
			sourceTree = "<group>";
		};
		934F79381BC2E29E00EF49B3 /* Products */ = {
			isa = PBXGroup;
			children = (
				934F79371BC2E29E00EF49B3 /* P2A.app */,
			);
			name = Products;
			sourceTree = "<group>";
		};
		934F79391BC2E29E00EF49B3 /* P2A */ = {
			isa = PBXGroup;
			children = (
				934F793A1BC2E29E00EF49B3 /* AppDelegate.swift */,
				934F793C1BC2E29E00EF49B3 /* ViewController.swift */,
				934F793E1BC2E29E00EF49B3 /* Assets.xcassets */,
				934F79401BC2E29E00EF49B3 /* Main.storyboard */,
				934F79431BC2E29E00EF49B3 /* Info.plist */,
			);
			path = P2A;
			sourceTree = "<group>";
		};
/* End PBXGroup section */

/* Begin PBXNativeTarget section */
		934F79361BC2E29E00EF49B3 /* P2A */ = {
			isa = PBXNativeTarget;
			buildConfigurationList = 934F79461BC2E29E00EF49B3 /* Build configuration list for PBXNativeTarget "P2A" */;
			buildPhases = (
				934F79331BC2E29E00EF49B3 /* Sources */,
				934F79341BC2E29E00EF49B3 /* Frameworks */,
				934F79351BC2E29E00EF49B3 /* Resources */,
			);
			buildRules = (
			);
			dependencies = (
			);
			name = P2A;
			productName = P2A;
			productReference = 934F79371BC2E29E00EF49B3 /* P2A.app */;
			productType = "com.apple.product-type.application";
		};
/* End PBXNativeTarget section */

/* Begin PBXProject section */
		934F792F1BC2E29E00EF49B3 /* Project object */ = {
			isa = PBXProject;
			attributes = {
				LastUpgradeCheck = 0700;
				ORGANIZATIONNAME = "CS Boys";
				TargetAttributes = {
					934F79361BC2E29E00EF49B3 = {
						CreatedOnToolsVersion = 7.0.1;
					};
				};
			};
			buildConfigurationList = 934F79321BC2E29E00EF49B3 /* Build configuration list for PBXProject "P2A" */;
			compatibilityVersion = "Xcode 3.2";
			developmentRegion = English;
			hasScannedForEncodings = 0;
			knownRegions = (
				en,
				Base,
			);
			mainGroup = 934F792E1BC2E29E00EF49B3;
			productRefGroup = 934F79381BC2E29E00EF49B3 /* Products */;
			projectDirPath = "";
			projectRoot = "";
			targets = (
				934F79361BC2E29E00EF49B3 /* P2A */,
			);
		};
/* End PBXProject section */

/* Begin PBXResourcesBuildPhase section */
		934F79351BC2E29E00EF49B3 /* Resources */ = {
			isa = PBXResourcesBuildPhase;
			buildActionMask = 2147483647;
			files = (
				934F793F1BC2E29E00EF49B3 /* Assets.xcassets in Resources */,
				934F79421BC2E29E00EF49B3 /* Main.storyboard in Resources */,
			);
			runOnlyForDeploymentPostprocessing = 0;
		};
/* End PBXResourcesBuildPhase section */

/* Begin PBXSourcesBuildPhase section */
		934F79331BC2E29E00EF49B3 /* Sources */ = {
			isa = PBXSourcesBuildPhase;
			buildActionMask = 2147483647;
			files = (
				934F793D1BC2E29E00EF49B3 /* ViewController.swift in Sources */,
				934F793B1BC2E29E00EF49B3 /* AppDelegate.swift in Sources */,
			);
			runOnlyForDeploymentPostprocessing = 0;
		};
/* End PBXSourcesBuildPhase section */

/* Begin PBXVariantGroup section */
		934F79401BC2E29E00EF49B3 /* Main.storyboard */ = {
			isa = PBXVariantGroup;
			children = (
				934F79411BC2E29E00EF49B3 /* Base */,
			);
			name = Main.storyboard;
			sourceTree = "<group>";
		};
/* End PBXVariantGroup section */

/* Begin XCBuildConfiguration section */
		934F79441BC2E29E00EF49B3 /* Debug */ = {
			isa = XCBuildConfiguration;
			buildSettings = {
				ALWAYS_SEARCH_USER_PATHS = NO;
				CLANG_CXX_LANGUAGE_STANDARD = "gnu++0x";
				CLANG_CXX_LIBRARY = "libc++";
				CLANG_ENABLE_MODULES = YES;
				CLANG_ENABLE_OBJC_ARC = YES;
				CLANG_WARN_BOOL_CONVERSION = YES;
				CLANG_WARN_CONSTANT_CONVERSION = YES;
				CLANG_WARN_DIRECT_OBJC_ISA_USAGE = YES_ERROR;
				CLANG_WARN_EMPTY_BODY = YES;
				CLANG_WARN_ENUM_CONVERSION = YES;
				CLANG_WARN_INT_CONVERSION = YES;
				CLANG_WARN_OBJC_ROOT_CLASS = YES_ERROR;
				CLANG_WARN_UNREACHABLE_CODE = YES;
				CLANG_WARN__DUPLICATE_METHOD_MATCH = YES;
				CODE_SIGN_IDENTITY = "-";
				COPY_PHASE_STRIP = NO;
				DEBUG_INFORMATION_FORMAT = dwarf;
				ENABLE_STRICT_OBJC_MSGSEND = YES;
				ENABLE_TESTABILITY = YES;
				GCC_C_LANGUAGE_STANDARD = gnu99;
				GCC_DYNAMIC_NO_PIC = NO;
				GCC_NO_COMMON_BLOCKS = YES;
				GCC_OPTIMIZATION_LEVEL = 0;
				GCC_PREPROCESSOR_DEFINITIONS = (
					"DEBUG=1",
					"$(inherited)",
				);
				GCC_WARN_64_TO_32_BIT_CONVERSION = YES;
				GCC_WARN_ABOUT_RETURN_TYPE = YES_ERROR;
				GCC_WARN_UNDECLARED_SELECTOR = YES;
				GCC_WARN_UNINITIALIZED_AUTOS = YES_AGGRESSIVE;
				GCC_WARN_UNUSED_FUNCTION = YES;
				GCC_WARN_UNUSED_VARIABLE = YES;
				MACOSX_DEPLOYMENT_TARGET = 10.11;
				MTL_ENABLE_DEBUG_INFO = YES;
				ONLY_ACTIVE_ARCH = YES;
				SDKROOT = macosx;
				SWIFT_OPTIMIZATION_LEVEL = "-Onone";
			};
			name = Debug;
		};
		934F79451BC2E29E00EF49B3 /* Release */ = {
			isa = XCBuildConfiguration;
			buildSettings = {
				ALWAYS_SEARCH_USER_PATHS = NO;
				CLANG_CXX_LANGUAGE_STANDARD = "gnu++0x";
				CLANG_CXX_LIBRARY = "libc++";
				CLANG_ENABLE_MODULES = YES;
				CLANG_ENABLE_OBJC_ARC = YES;
				CLANG_WARN_BOOL_CONVERSION = YES;
				CLANG_WARN_CONSTANT_CONVERSION = YES;
				CLANG_WARN_DIRECT_OBJC_ISA_USAGE = YES_ERROR;
				CLANG_WARN_EMPTY_BODY = YES;
				CLANG_WARN_ENUM_CONVERSION = YES;
				CLANG_WARN_INT_CONVERSION = YES;
				CLANG_WARN_OBJC_ROOT_CLASS = YES_ERROR;
				CLANG_WARN_UNREACHABLE_CODE = YES;
				CLANG_WARN__DUPLICATE_METHOD_MATCH = YES;
				CODE_SIGN_IDENTITY = "-";
				COPY_PHASE_STRIP = NO;
				DEBUG_INFORMATION_FORMAT = "dwarf-with-dsym";
				ENABLE_NS_ASSERTIONS = NO;
				ENABLE_STRICT_OBJC_MSGSEND = YES;
				GCC_C_LANGUAGE_STANDARD = gnu99;
				GCC_NO_COMMON_BLOCKS = YES;
				GCC_WARN_64_TO_32_BIT_CONVERSION = YES;
				GCC_WARN_ABOUT_RETURN_TYPE = YES_ERROR;
				GCC_WARN_UNDECLARED_SELECTOR = YES;
				GCC_WARN_UNINITIALIZED_AUTOS = YES_AGGRESSIVE;
				GCC_WARN_UNUSED_FUNCTION = YES;
				GCC_WARN_UNUSED_VARIABLE = YES;
				MACOSX_DEPLOYMENT_TARGET = 10.11;
				MTL_ENABLE_DEBUG_INFO = NO;
				SDKROOT = macosx;
			};
			name = Release;
		};
		934F79471BC2E29E00EF49B3 /* Debug */ = {
			isa = XCBuildConfiguration;
			buildSettings = {
				ASSETCATALOG_COMPILER_APPICON_NAME = AppIcon;
				COMBINE_HIDPI_IMAGES = YES;
				INFOPLIST_FILE = P2A/Info.plist;
				LD_RUNPATH_SEARCH_PATHS = "$(inherited) @executable_path/../Frameworks";
				PRODUCT_BUNDLE_IDENTIFIER = com.csboys.P2A;
				PRODUCT_NAME = "$(TARGET_NAME)";
			};
			name = Debug;
		};
		934F79481BC2E29E00EF49B3 /* Release */ = {
			isa = XCBuildConfiguration;
			buildSettings = {
				ASSETCATALOG_COMPILER_APPICON_NAME = AppIcon;
				COMBINE_HIDPI_IMAGES = YES;
				INFOPLIST_FILE = P2A/Info.plist;
				LD_RUNPATH_SEARCH_PATHS = "$(inherited) @executable_path/../Frameworks";
				PRODUCT_BUNDLE_IDENTIFIER = com.csboys.P2A;
				PRODUCT_NAME = "$(TARGET_NAME)";
			};
			name = Release;
		};
/* End XCBuildConfiguration section */

/* Begin XCConfigurationList section */
		934F79321BC2E29E00EF49B3 /* Build configuration list for PBXProject "P2A" */ = {
			isa = XCConfigurationList;
			buildConfigurations = (
				934F79441BC2E29E00EF49B3 /* Debug */,
				934F79451BC2E29E00EF49B3 /* Release */,
			);
			defaultConfigurationIsVisible = 0;
			defaultConfigurationName = Release;
		};
		934F79461BC2E29E00EF49B3 /* Build configuration list for PBXNativeTarget "P2A" */ = {
			isa = XCConfigurationList;
			buildConfigurations = (
				934F79471BC2E29E00EF49B3 /* Debug */,
				934F79481BC2E29E00EF49B3 /* Release */,
			);
			defaultConfigurationIsVisible = 0;
		};
/* End XCConfigurationList section */
	};
	rootObject = 934F792F1BC2E29E00EF49B3 /* Project object */;
}
